
Microsoft Visual Studio Solution File, Format Version 12.00
# Visual Studio Version 18
VisualStudioVersion = 18.6.11819.183 stable
MinimumVisualStudioVersion = 10.0.40219.1
Project("{8BC9CEB8-8B4A-11D0-8D11-00A0C91BC942}") = "CSOPESY", "CSOPESY.vcxproj", "{C74C7393-92B7-83EC-B7B3-0B7AA2FA1650}"
EndProject
Global
	GlobalSection(SolutionConfigurationPlatforms) = preSolution
		Debug|x64 = Debug|x64
		Debug|x86 = Debug|x86
		Release|x64 = Release|x64
		Release|x86 = Release|x86
	EndGlobalSection
	GlobalSection(ProjectConfigurationPlatforms) = postSolution
		{C74C7393-92B7-83EC-B7B3-0B7AA2FA1650}.Debug|x64.ActiveCfg = Debug|x64
		{C74C7393-92B7-83EC-B7B3-0B7AA2FA1650}.Debug|x64.Build.0 = Debug|x64
		{C74C7393-92B7-83EC-B7B3-0B7AA2FA1650}.Debug|x86.ActiveCfg = Debug|Win32
		{C74C7393-92B7-83EC-B7B3-0B7AA2FA1650}.Debug|x86.Build.0 = Debug|Win32
		{C74C7393-92B7-83EC-B7B3-0B7AA2FA1650}.Release|x64.ActiveCfg = Release|x64
		{C74C7393-92B7-83EC-B7B3-0B7AA2FA1650}.Release|x64.Build.0 = Release|x64
		{C74C7393-92B7-83EC-B7B3-0B7AA2FA1650}.Release|x86.ActiveCfg = Release|Win32
		{C74C7393-92B7-83EC-B7B3-0B7AA2FA1650}.Release|x86.Build.0 = Release|Win32
	EndGlobalSection
	GlobalSection(SolutionProperties) = preSolution
		HideSolutionNode = FALSE
	EndGlobalSection
	GlobalSection(ExtensibilityGlobals) = postSolution
		SolutionGuid = {1731F36D-CED2-4D42-8CB5-CF4A69DADD2E}
	EndGlobalSection
EndGlobal
